
Microsoft Visual Studio Solution File, Format Version 12.00
# Visual Studio Version 17
VisualStudioVersion = 17.7.34018.315
MinimumVisualStudioVersion = 10.0.40219.1
Project("{FAE04EC0-301F-11D3-BF4B-00C04F79EFBC}") = "1.18", "1.18\1.18.csproj", "{E3EB2D9D-CFDD-4B63-BA65-954BB1C31E68}"
EndProject
Project("{FAE04EC0-301F-11D3-BF4B-00C04F79EFBC}") = "1.18-", "1.18-\1.18-.csproj", "{456847ED-7592-4F8F-88A1-7BF9A510090A}"
EndProject
Global
	GlobalSection(SolutionConfigurationPlatforms) = preSolution
		Debug|Any CPU = Debug|Any CPU
		Release|Any CPU = Release|Any CPU
	EndGlobalSection
	GlobalSection(ProjectConfigurationPlatforms) = postSolution
		{E3EB2D9D-CFDD-4B63-BA65-954BB1C31E68}.Debug|Any CPU.ActiveCfg = Debug|Any CPU
		{E3EB2D9D-CFDD-4B63-BA65-954BB1C31E68}.Debug|Any CPU.Build.0 = Debug|Any CPU
		{E3EB2D9D-CFDD-4B63-BA65-954BB1C31E68}.Release|Any CPU.ActiveCfg = Release|Any CPU
		{E3EB2D9D-CFDD-4B63-BA65-954BB1C31E68}.Release|Any CPU.Build.0 = Release|Any CPU
		{456847ED-7592-4F8F-88A1-7BF9A510090A}.Debug|Any CPU.ActiveCfg = Debug|Any CPU
		{456847ED-7592-4F8F-88A1-7BF9A510090A}.Debug|Any CPU.Build.0 = Debug|Any CPU
		{456847ED-7592-4F8F-88A1-7BF9A510090A}.Release|Any CPU.ActiveCfg = Release|Any CPU
		{456847ED-7592-4F8F-88A1-7BF9A510090A}.Release|Any CPU.Build.0 = Release|Any CPU
	EndGlobalSection
	GlobalSection(SolutionProperties) = preSolution
		HideSolutionNode = FALSE
	EndGlobalSection
	GlobalSection(ExtensibilityGlobals) = postSolution
		SolutionGuid = {25C5DAC9-7456-43D5-BD69-02472D2A39DB}
	EndGlobalSection
EndGlobal
