
Microsoft Visual Studio Solution File, Format Version 12.00
# Visual Studio Version 17
VisualStudioVersion = 17.7.34018.315
MinimumVisualStudioVersion = 10.0.40219.1
Project("{FAE04EC0-301F-11D3-BF4B-00C04F79EFBC}") = "1.19", "1.19\1.19.csproj", "{567D758D-712C-4E70-A115-7FF154BEAEA7}"
EndProject
Project("{FAE04EC0-301F-11D3-BF4B-00C04F79EFBC}") = "1.19-", "1.19-\1.19-.csproj", "{95CF65FA-44BD-4A1F-B8C6-585A2D246AA6}"
EndProject
Global
	GlobalSection(SolutionConfigurationPlatforms) = preSolution
		Debug|Any CPU = Debug|Any CPU
		Release|Any CPU = Release|Any CPU
	EndGlobalSection
	GlobalSection(ProjectConfigurationPlatforms) = postSolution
		{567D758D-712C-4E70-A115-7FF154BEAEA7}.Debug|Any CPU.ActiveCfg = Debug|Any CPU
		{567D758D-712C-4E70-A115-7FF154BEAEA7}.Debug|Any CPU.Build.0 = Debug|Any CPU
		{567D758D-712C-4E70-A115-7FF154BEAEA7}.Release|Any CPU.ActiveCfg = Release|Any CPU
		{567D758D-712C-4E70-A115-7FF154BEAEA7}.Release|Any CPU.Build.0 = Release|Any CPU
		{95CF65FA-44BD-4A1F-B8C6-585A2D246AA6}.Debug|Any CPU.ActiveCfg = Debug|Any CPU
		{95CF65FA-44BD-4A1F-B8C6-585A2D246AA6}.Debug|Any CPU.Build.0 = Debug|Any CPU
		{95CF65FA-44BD-4A1F-B8C6-585A2D246AA6}.Release|Any CPU.ActiveCfg = Release|Any CPU
		{95CF65FA-44BD-4A1F-B8C6-585A2D246AA6}.Release|Any CPU.Build.0 = Release|Any CPU
	EndGlobalSection
	GlobalSection(SolutionProperties) = preSolution
		HideSolutionNode = FALSE
	EndGlobalSection
	GlobalSection(ExtensibilityGlobals) = postSolution
		SolutionGuid = {7F9B902C-4956-4A6A-BF07-F0B76E62E8E3}
	EndGlobalSection
EndGlobal
